
Microsoft Visual Studio Solution File, Format Version 12.00
# Visual Studio Version 17
VisualStudioVersion = 17.0.31903.59
MinimumVisualStudioVersion = 10.0.40219.1
Project("{FAE04EC0-301F-11D3-BF4B-00C04F79EFBC}") = "MauiRssSample.Controls", "MauiRssSample.Controls\MauiRssSample.Controls.csproj", "{06CFE1C0-6F73-4351-8345-1F3CBD2F3416}"
EndProject
Project("{FAE04EC0-301F-11D3-BF4B-00C04F79EFBC}") = "MauiRssSample", "MauiRssSample\MauiRssSample.csproj", "{3B1C1CDB-8927-44DA-AA2F-F4893098C049}"
EndProject
Project("{FAE04EC0-301F-11D3-BF4B-00C04F79EFBC}") = "MauiRssSample.Core", "MauiRssSample.Core\MauiRssSample.Core.csproj", "{6D7614BE-3695-4528-88BE-02421182430A}"
EndProject
Global
	GlobalSection(SolutionConfigurationPlatforms) = preSolution
		Debug|Any CPU = Debug|Any CPU
		Release|Any CPU = Release|Any CPU
	EndGlobalSection
	GlobalSection(SolutionProperties) = preSolution
		HideSolutionNode = FALSE
	EndGlobalSection
	GlobalSection(ProjectConfigurationPlatforms) = postSolution
		{06CFE1C0-6F73-4351-8345-1F3CBD2F3416}.Debug|Any CPU.ActiveCfg = Debug|Any CPU
		{06CFE1C0-6F73-4351-8345-1F3CBD2F3416}.Debug|Any CPU.Build.0 = Debug|Any CPU
		{06CFE1C0-6F73-4351-8345-1F3CBD2F3416}.Release|Any CPU.ActiveCfg = Release|Any CPU
		{06CFE1C0-6F73-4351-8345-1F3CBD2F3416}.Release|Any CPU.Build.0 = Release|Any CPU
		{3B1C1CDB-8927-44DA-AA2F-F4893098C049}.Debug|Any CPU.ActiveCfg = Debug|Any CPU
		{3B1C1CDB-8927-44DA-AA2F-F4893098C049}.Debug|Any CPU.Build.0 = Debug|Any CPU
		{3B1C1CDB-8927-44DA-AA2F-F4893098C049}.Release|Any CPU.ActiveCfg = Release|Any CPU
		{3B1C1CDB-8927-44DA-AA2F-F4893098C049}.Release|Any CPU.Build.0 = Release|Any CPU
		{6D7614BE-3695-4528-88BE-02421182430A}.Debug|Any CPU.ActiveCfg = Debug|Any CPU
		{6D7614BE-3695-4528-88BE-02421182430A}.Debug|Any CPU.Build.0 = Debug|Any CPU
		{6D7614BE-3695-4528-88BE-02421182430A}.Release|Any CPU.ActiveCfg = Release|Any CPU
		{6D7614BE-3695-4528-88BE-02421182430A}.Release|Any CPU.Build.0 = Release|Any CPU
	EndGlobalSection
EndGlobal
